<?xml version="1.0" encoding="utf-8"?>
<Project ToolsVersion="17.0" xmlns="http://schemas.microsoft.com/developer/msbuild/2003">
  <ItemGroup>
    <CustomBuild Include="D:\Programming\C++\Curse_2\BattleModeling\BattleModeling\libs\builded_freeglut-3.2.2\CMakeFiles\9e033882c57c2256435ee16f1f5b90ce\INSTALL_force.rule">
      <Filter>CMake Rules</Filter>
    </CustomBuild>
  </ItemGroup>
  <ItemGroup>
    <Filter Include="CMake Rules">
      <UniqueIdentifier>{D5DE9A7B-37B6-39AD-8751-BB545774ECA8}</UniqueIdentifier>
    </Filter>
  </ItemGroup>
</Project>
